
Microsoft Visual Studio Solution File, Format Version 12.00
# Visual Studio Version 16
VisualStudioVersion = 16.0.29519.87
MinimumVisualStudioVersion = 10.0.40219.1
Project("{FAE04EC0-301F-11D3-BF4B-00C04F79EFBC}") = "SponsorBoi", "SponsorBoi.csproj", "{B0C59BD1-3549-4DF8-9004-79743D88BED9}"
EndProject
Global
	GlobalSection(SolutionConfigurationPlatforms) = preSolution
		Debug|Any CPU = Debug|Any CPU
		Release|Any CPU = Release|Any CPU
	EndGlobalSection
	GlobalSection(ProjectConfigurationPlatforms) = postSolution
		{B0C59BD1-3549-4DF8-9004-79743D88BED9}.Debug|Any CPU.ActiveCfg = Debug|Any CPU
		{B0C59BD1-3549-4DF8-9004-79743D88BED9}.Debug|Any CPU.Build.0 = Debug|Any CPU
		{B0C59BD1-3549-4DF8-9004-79743D88BED9}.Release|Any CPU.ActiveCfg = Release|Any CPU
		{B0C59BD1-3549-4DF8-9004-79743D88BED9}.Release|Any CPU.Build.0 = Release|Any CPU
	EndGlobalSection
	GlobalSection(SolutionProperties) = preSolution
		HideSolutionNode = FALSE
	EndGlobalSection
	GlobalSection(ExtensibilityGlobals) = postSolution
		SolutionGuid = {E1AF56C6-6DFE-43B1-9069-1A8BA4A49A5C}
	EndGlobalSection
EndGlobal
